
Microsoft Visual Studio Solution File, Format Version 12.00
# Visual Studio Version 16
VisualStudioVersion = 16.0.30114.105
MinimumVisualStudioVersion = 10.0.40219.1
Project("{FAE04EC0-301F-11D3-BF4B-00C04F79EFBC}") = "Correlation", "Correlation.csproj", "{5C89ED0B-DC96-4FC9-B1BC-1447C1E2886B}"
EndProject
Global
	GlobalSection(SolutionConfigurationPlatforms) = preSolution
		Debug|Any CPU = Debug|Any CPU
		Release|Any CPU = Release|Any CPU
	EndGlobalSection
	GlobalSection(ProjectConfigurationPlatforms) = postSolution
		{5C89ED0B-DC96-4FC9-B1BC-1447C1E2886B}.Debug|Any CPU.ActiveCfg = Debug|Any CPU
		{5C89ED0B-DC96-4FC9-B1BC-1447C1E2886B}.Debug|Any CPU.Build.0 = Debug|Any CPU
		{5C89ED0B-DC96-4FC9-B1BC-1447C1E2886B}.Release|Any CPU.ActiveCfg = Release|Any CPU
		{5C89ED0B-DC96-4FC9-B1BC-1447C1E2886B}.Release|Any CPU.Build.0 = Release|Any CPU
	EndGlobalSection
	GlobalSection(SolutionProperties) = preSolution
		HideSolutionNode = FALSE
	EndGlobalSection
	GlobalSection(ExtensibilityGlobals) = postSolution
		SolutionGuid = {179CA2E6-F08C-44A5-9083-E689215A7F60}
	EndGlobalSection
EndGlobal
